// !$*UTF8*$!
{
	archiveVersion = 1;
	classes = {
	};
	objectVersion = 46;
	objects = {

/* Begin PBXBuildFile section */
		49167EB01BEA57540024E615 /* main.m in Sources */ = {isa = PBXBuildFile; fileRef = 49167EAF1BEA57540024E615 /* main.m */; };
		49167EB31BEA57540024E615 /* AppDelegate.m in Sources */ = {isa = PBXBuildFile; fileRef = 49167EB21BEA57540024E615 /* AppDelegate.m */; };
		49167EB61BEA57540024E615 /* AppViewController.m in Sources */ = {isa = PBXBuildFile; fileRef = 49167EB51BEA57540024E615 /* AppViewController.m */; };
		49167EB91BEA57540024E615 /* Main.storyboard in Resources */ = {isa = PBXBuildFile; fileRef = 49167EB71BEA57540024E615 /* Main.storyboard */; };
		49167EBB1BEA57540024E615 /* Assets.xcassets in Resources */ = {isa = PBXBuildFile; fileRef = 49167EBA1BEA57540024E615 /* Assets.xcassets */; };
		49167EBE1BEA57540024E615 /* LaunchScreen.storyboard in Resources */ = {isa = PBXBuildFile; fileRef = 49167EBC1BEA57540024E615 /* LaunchScreen.storyboard */; };
		49167EC91BEA57540024E615 /* sisleyTests.m in Sources */ = {isa = PBXBuildFile; fileRef = 49167EC81BEA57540024E615 /* sisleyTests.m */; };
		49167ED41BEA57540024E615 /* sisleyUITests.m in Sources */ = {isa = PBXBuildFile; fileRef = 49167ED31BEA57540024E615 /* sisleyUITests.m */; };
		49167EE31BEA5B490024E615 /* ExperienceViewController.m in Sources */ = {isa = PBXBuildFile; fileRef = 49167EE21BEA5B490024E615 /* ExperienceViewController.m */; settings = {ASSET_TAGS = (); }; };
		49167EED1BEA646E0024E615 /* UIViewController+Menu.m in Sources */ = {isa = PBXBuildFile; fileRef = 49167EEC1BEA646E0024E615 /* UIViewController+Menu.m */; settings = {ASSET_TAGS = (); }; };
		491A87421C3D1EE7002ECF5B /* RecolteViewController.m in Sources */ = {isa = PBXBuildFile; fileRef = 491A87411C3D1EE7002ECF5B /* RecolteViewController.m */; settings = {ASSET_TAGS = (); }; };
		491A87441C3D24ED002ECF5B /* recolte.jpg in Resources */ = {isa = PBXBuildFile; fileRef = 491A87431C3D24ED002ECF5B /* recolte.jpg */; settings = {ASSET_TAGS = (); }; };
		491A87491C3D330F002ECF5B /* recolte-white-overlay.png in Resources */ = {isa = PBXBuildFile; fileRef = 491A87481C3D330F002ECF5B /* recolte-white-overlay.png */; settings = {ASSET_TAGS = (); }; };
		491A874B1C3D4FD1002ECF5B /* store-locator-icon.png in Resources */ = {isa = PBXBuildFile; fileRef = 491A874A1C3D4FD1002ECF5B /* store-locator-icon.png */; settings = {ASSET_TAGS = (); }; };
		491A874D1C3D4FD6002ECF5B /* sysley-site-icon.png in Resources */ = {isa = PBXBuildFile; fileRef = 491A874C1C3D4FD6002ECF5B /* sysley-site-icon.png */; settings = {ASSET_TAGS = (); }; };
		491A874F1C3D4FDC002ECF5B /* card-icon.png in Resources */ = {isa = PBXBuildFile; fileRef = 491A874E1C3D4FDC002ECF5B /* card-icon.png */; settings = {ASSET_TAGS = (); }; };
		491A87511C3D5044002ECF5B /* back-button.png in Resources */ = {isa = PBXBuildFile; fileRef = 491A87501C3D5044002ECF5B /* back-button.png */; settings = {ASSET_TAGS = (); }; };
		491A87621C3D5800002ECF5B /* back-button.png in Resources */ = {isa = PBXBuildFile; fileRef = 491A87521C3D5800002ECF5B /* back-button.png */; settings = {ASSET_TAGS = (); }; };
		491A87631C3D5800002ECF5B /* card-icon.png in Resources */ = {isa = PBXBuildFile; fileRef = 491A87531C3D5800002ECF5B /* card-icon.png */; settings = {ASSET_TAGS = (); }; };
		491A87641C3D5800002ECF5B /* jardin_background.jpg in Resources */ = {isa = PBXBuildFile; fileRef = 491A87541C3D5800002ECF5B /* jardin_background.jpg */; settings = {ASSET_TAGS = (); }; };
		491A87651C3D5800002ECF5B /* jardin_background2.jpg in Resources */ = {isa = PBXBuildFile; fileRef = 491A87551C3D5800002ECF5B /* jardin_background2.jpg */; settings = {ASSET_TAGS = (); }; };
		491A87661C3D5800002ECF5B /* jardin-text.png in Resources */ = {isa = PBXBuildFile; fileRef = 491A87561C3D5800002ECF5B /* jardin-text.png */; settings = {ASSET_TAGS = (); }; };
		491A87671C3D5800002ECF5B /* menu.png in Resources */ = {isa = PBXBuildFile; fileRef = 491A87571C3D5800002ECF5B /* menu.png */; settings = {ASSET_TAGS = (); }; };
		491A87681C3D5800002ECF5B /* product-name.png in Resources */ = {isa = PBXBuildFile; fileRef = 491A87581C3D5800002ECF5B /* product-name.png */; settings = {ASSET_TAGS = (); }; };
		491A87691C3D5800002ECF5B /* product.png in Resources */ = {isa = PBXBuildFile; fileRef = 491A87591C3D5800002ECF5B /* product.png */; settings = {ASSET_TAGS = (); }; };
		491A876A1C3D5800002ECF5B /* recolte-text.png in Resources */ = {isa = PBXBuildFile; fileRef = 491A875A1C3D5800002ECF5B /* recolte-text.png */; settings = {ASSET_TAGS = (); }; };
		491A876B1C3D5800002ECF5B /* recolte-text1.png in Resources */ = {isa = PBXBuildFile; fileRef = 491A875B1C3D5800002ECF5B /* recolte-text1.png */; settings = {ASSET_TAGS = (); }; };
		491A876C1C3D5800002ECF5B /* recolte-titre.png in Resources */ = {isa = PBXBuildFile; fileRef = 491A875C1C3D5800002ECF5B /* recolte-titre.png */; settings = {ASSET_TAGS = (); }; };
		491A876D1C3D5800002ECF5B /* recolte-white-overlay.jpg in Resources */ = {isa = PBXBuildFile; fileRef = 491A875D1C3D5800002ECF5B /* recolte-white-overlay.jpg */; settings = {ASSET_TAGS = (); }; };
		491A876E1C3D5800002ECF5B /* recolte-white-overlay.png in Resources */ = {isa = PBXBuildFile; fileRef = 491A875E1C3D5800002ECF5B /* recolte-white-overlay.png */; settings = {ASSET_TAGS = (); }; };
		491A876F1C3D5800002ECF5B /* recolte.jpg in Resources */ = {isa = PBXBuildFile; fileRef = 491A875F1C3D5800002ECF5B /* recolte.jpg */; settings = {ASSET_TAGS = (); }; };
		491A87701C3D5800002ECF5B /* store-locator-icon.png in Resources */ = {isa = PBXBuildFile; fileRef = 491A87601C3D5800002ECF5B /* store-locator-icon.png */; settings = {ASSET_TAGS = (); }; };
		491A87711C3D5800002ECF5B /* sysley-site-icon.png in Resources */ = {isa = PBXBuildFile; fileRef = 491A87611C3D5800002ECF5B /* sysley-site-icon.png */; settings = {ASSET_TAGS = (); }; };
		491A87731C3D6563002ECF5B /* product-page.png in Resources */ = {isa = PBXBuildFile; fileRef = 491A87721C3D6563002ECF5B /* product-page.png */; settings = {ASSET_TAGS = (); }; };
		498ED6A01C3E7576000F8A73 /* overlay.png in Resources */ = {isa = PBXBuildFile; fileRef = 498ED69F1C3E7576000F8A73 /* overlay.png */; settings = {ASSET_TAGS = (); }; };
		498ED6A21C3E78E1000F8A73 /* recolte-text2.png in Resources */ = {isa = PBXBuildFile; fileRef = 498ED6A11C3E78E1000F8A73 /* recolte-text2.png */; settings = {ASSET_TAGS = (); }; };
		498ED6A51C3E7B36000F8A73 /* MapViewController.m in Sources */ = {isa = PBXBuildFile; fileRef = 498ED6A41C3E7B36000F8A73 /* MapViewController.m */; settings = {ASSET_TAGS = (); }; };
		498ED6A91C3E7DCD000F8A73 /* MapKit.framework in Frameworks */ = {isa = PBXBuildFile; fileRef = 498ED6A71C3E7C3E000F8A73 /* MapKit.framework */; };
		498ED6AB1C3E808F000F8A73 /* pin.png in Resources */ = {isa = PBXBuildFile; fileRef = 498ED6AA1C3E808F000F8A73 /* pin.png */; settings = {ASSET_TAGS = (); }; };
		498ED6AE1C3E8113000F8A73 /* Annotation.m in Sources */ = {isa = PBXBuildFile; fileRef = 498ED6AD1C3E8113000F8A73 /* Annotation.m */; settings = {ASSET_TAGS = (); }; };
		49ADE5E91BF0A7A600190312 /* menu.png in Resources */ = {isa = PBXBuildFile; fileRef = 49ADE5E81BF0A7A600190312 /* menu.png */; settings = {ASSET_TAGS = (); }; };
		49E14F741C3C005F005510B1 /* JardinViewController.m in Sources */ = {isa = PBXBuildFile; fileRef = 49E14F731C3C005F005510B1 /* JardinViewController.m */; settings = {ASSET_TAGS = (); }; };
		49E14F771C3C0353005510B1 /* jardin_background.jpg in Resources */ = {isa = PBXBuildFile; fileRef = 49E14F761C3C0353005510B1 /* jardin_background.jpg */; settings = {ASSET_TAGS = (); }; };
		49E14F791C3C057C005510B1 /* jardin-text.png in Resources */ = {isa = PBXBuildFile; fileRef = 49E14F781C3C057C005510B1 /* jardin-text.png */; settings = {ASSET_TAGS = (); }; };
		49E14F7D1C3C13A6005510B1 /* jardin_background2.jpg in Resources */ = {isa = PBXBuildFile; fileRef = 49E14F7C1C3C13A6005510B1 /* jardin_background2.jpg */; settings = {ASSET_TAGS = (); }; };
		49F551021C3EBE1000C45B78 /* Social.framework in Frameworks */ = {isa = PBXBuildFile; fileRef = 49F551011C3EBE1000C45B78 /* Social.framework */; };
		49F551051C3EC14100C45B78 /* VideoViewController.m in Sources */ = {isa = PBXBuildFile; fileRef = 49F551041C3EC14100C45B78 /* VideoViewController.m */; settings = {ASSET_TAGS = (); }; };
		49F551081C3EC31100C45B78 /* AVKit.framework in Frameworks */ = {isa = PBXBuildFile; fileRef = 49F551071C3EC31100C45B78 /* AVKit.framework */; };
		49F5510E1C3EC70400C45B78 /* test.mov in Resources */ = {isa = PBXBuildFile; fileRef = 49F5510D1C3EC70400C45B78 /* test.mov */; settings = {ASSET_TAGS = (); }; };
		75C0CFFF34842DE7A8ED546C /* libPods-sisley.a in Frameworks */ = {isa = PBXBuildFile; fileRef = 16D9A9E888FF3A87E602A44F /* libPods-sisley.a */; };
/* End PBXBuildFile section */

/* Begin PBXContainerItemProxy section */
		49167EC51BEA57540024E615 /* PBXContainerItemProxy */ = {
			isa = PBXContainerItemProxy;
			containerPortal = 49167EA31BEA57540024E615 /* Project object */;
			proxyType = 1;
			remoteGlobalIDString = 49167EAA1BEA57540024E615;
			remoteInfo = sisley;
		};
		49167ED01BEA57540024E615 /* PBXContainerItemProxy */ = {
			isa = PBXContainerItemProxy;
			containerPortal = 49167EA31BEA57540024E615 /* Project object */;
			proxyType = 1;
			remoteGlobalIDString = 49167EAA1BEA57540024E615;
			remoteInfo = sisley;
		};
/* End PBXContainerItemProxy section */

/* Begin PBXFileReference section */
		16D9A9E888FF3A87E602A44F /* libPods-sisley.a */ = {isa = PBXFileReference; explicitFileType = archive.ar; includeInIndex = 0; path = "libPods-sisley.a"; sourceTree = BUILT_PRODUCTS_DIR; };
		2150A5CDC201E865A123E191 /* Pods-sisley.debug.xcconfig */ = {isa = PBXFileReference; includeInIndex = 1; lastKnownFileType = text.xcconfig; name = "Pods-sisley.debug.xcconfig"; path = "Pods/Target Support Files/Pods-sisley/Pods-sisley.debug.xcconfig"; sourceTree = "<group>"; };
		21DE5D3E704D4D036EF7D2DD /* Pods-sisley.release.xcconfig */ = {isa = PBXFileReference; includeInIndex = 1; lastKnownFileType = text.xcconfig; name = "Pods-sisley.release.xcconfig"; path = "Pods/Target Support Files/Pods-sisley/Pods-sisley.release.xcconfig"; sourceTree = "<group>"; };
		49167EAB1BEA57540024E615 /* sisley.app */ = {isa = PBXFileReference; explicitFileType = wrapper.application; includeInIndex = 0; path = sisley.app; sourceTree = BUILT_PRODUCTS_DIR; };
		49167EAF1BEA57540024E615 /* main.m */ = {isa = PBXFileReference; lastKnownFileType = sourcecode.c.objc; path = main.m; sourceTree = "<group>"; };
		49167EB11BEA57540024E615 /* AppDelegate.h */ = {isa = PBXFileReference; lastKnownFileType = sourcecode.c.h; path = AppDelegate.h; sourceTree = "<group>"; };
		49167EB21BEA57540024E615 /* AppDelegate.m */ = {isa = PBXFileReference; lastKnownFileType = sourcecode.c.objc; path = AppDelegate.m; sourceTree = "<group>"; };
		49167EB41BEA57540024E615 /* AppViewController.h */ = {isa = PBXFileReference; lastKnownFileType = sourcecode.c.h; path = AppViewController.h; sourceTree = "<group>"; };
		49167EB51BEA57540024E615 /* AppViewController.m */ = {isa = PBXFileReference; lastKnownFileType = sourcecode.c.objc; path = AppViewController.m; sourceTree = "<group>"; };
		49167EB81BEA57540024E615 /* Base */ = {isa = PBXFileReference; lastKnownFileType = file.storyboard; name = Base; path = Base.lproj/Main.storyboard; sourceTree = "<group>"; };
		49167EBA1BEA57540024E615 /* Assets.xcassets */ = {isa = PBXFileReference; lastKnownFileType = folder.assetcatalog; path = Assets.xcassets; sourceTree = "<group>"; };
		49167EBD1BEA57540024E615 /* Base */ = {isa = PBXFileReference; lastKnownFileType = file.storyboard; name = Base; path = Base.lproj/LaunchScreen.storyboard; sourceTree = "<group>"; };
		49167EBF1BEA57540024E615 /* Info.plist */ = {isa = PBXFileReference; lastKnownFileType = text.plist.xml; path = Info.plist; sourceTree = "<group>"; };
		49167EC41BEA57540024E615 /* sisleyTests.xctest */ = {isa = PBXFileReference; explicitFileType = wrapper.cfbundle; includeInIndex = 0; path = sisleyTests.xctest; sourceTree = BUILT_PRODUCTS_DIR; };
		49167EC81BEA57540024E615 /* sisleyTests.m */ = {isa = PBXFileReference; lastKnownFileType = sourcecode.c.objc; path = sisleyTests.m; sourceTree = "<group>"; };
		49167ECA1BEA57540024E615 /* Info.plist */ = {isa = PBXFileReference; lastKnownFileType = text.plist.xml; path = Info.plist; sourceTree = "<group>"; };
		49167ECF1BEA57540024E615 /* sisleyUITests.xctest */ = {isa = PBXFileReference; explicitFileType = wrapper.cfbundle; includeInIndex = 0; path = sisleyUITests.xctest; sourceTree = BUILT_PRODUCTS_DIR; };
		49167ED31BEA57540024E615 /* sisleyUITests.m */ = {isa = PBXFileReference; lastKnownFileType = sourcecode.c.objc; path = sisleyUITests.m; sourceTree = "<group>"; };
		49167ED51BEA57540024E615 /* Info.plist */ = {isa = PBXFileReference; lastKnownFileType = text.plist.xml; path = Info.plist; sourceTree = "<group>"; };
		49167EE11BEA5B490024E615 /* ExperienceViewController.h */ = {isa = PBXFileReference; fileEncoding = 4; lastKnownFileType = sourcecode.c.h; path = ExperienceViewController.h; sourceTree = "<group>"; };
		49167EE21BEA5B490024E615 /* ExperienceViewController.m */ = {isa = PBXFileReference; fileEncoding = 4; lastKnownFileType = sourcecode.c.objc; path = ExperienceViewController.m; sourceTree = "<group>"; };
		49167EEB1BEA646E0024E615 /* UIViewController+Menu.h */ = {isa = PBXFileReference; fileEncoding = 4; lastKnownFileType = sourcecode.c.h; path = "UIViewController+Menu.h"; sourceTree = "<group>"; };
		49167EEC1BEA646E0024E615 /* UIViewController+Menu.m */ = {isa = PBXFileReference; fileEncoding = 4; lastKnownFileType = sourcecode.c.objc; path = "UIViewController+Menu.m"; sourceTree = "<group>"; };
		491A87401C3D1EE7002ECF5B /* RecolteViewController.h */ = {isa = PBXFileReference; fileEncoding = 4; lastKnownFileType = sourcecode.c.h; path = RecolteViewController.h; sourceTree = "<group>"; };
		491A87411C3D1EE7002ECF5B /* RecolteViewController.m */ = {isa = PBXFileReference; fileEncoding = 4; lastKnownFileType = sourcecode.c.objc; path = RecolteViewController.m; sourceTree = "<group>"; };
		491A87431C3D24ED002ECF5B /* recolte.jpg */ = {isa = PBXFileReference; lastKnownFileType = image.jpeg; name = recolte.jpg; path = assets/recolte.jpg; sourceTree = SOURCE_ROOT; };
		491A87481C3D330F002ECF5B /* recolte-white-overlay.png */ = {isa = PBXFileReference; lastKnownFileType = image.png; name = "recolte-white-overlay.png"; path = "assets/recolte-white-overlay.png"; sourceTree = SOURCE_ROOT; };
		491A874A1C3D4FD1002ECF5B /* store-locator-icon.png */ = {isa = PBXFileReference; lastKnownFileType = image.png; name = "store-locator-icon.png"; path = "assets/store-locator-icon.png"; sourceTree = SOURCE_ROOT; };
		491A874C1C3D4FD6002ECF5B /* sysley-site-icon.png */ = {isa = PBXFileReference; lastKnownFileType = image.png; name = "sysley-site-icon.png"; path = "assets/sysley-site-icon.png"; sourceTree = SOURCE_ROOT; };
		491A874E1C3D4FDC002ECF5B /* card-icon.png */ = {isa = PBXFileReference; lastKnownFileType = image.png; name = "card-icon.png"; path = "assets/card-icon.png"; sourceTree = SOURCE_ROOT; };
		491A87501C3D5044002ECF5B /* back-button.png */ = {isa = PBXFileReference; lastKnownFileType = image.png; name = "back-button.png"; path = "assets/back-button.png"; sourceTree = SOURCE_ROOT; };
		491A87521C3D5800002ECF5B /* back-button.png */ = {isa = PBXFileReference; lastKnownFileType = image.png; name = "back-button.png"; path = "assets/back-button.png"; sourceTree = SOURCE_ROOT; };
		491A87531C3D5800002ECF5B /* card-icon.png */ = {isa = PBXFileReference; lastKnownFileType = image.png; name = "card-icon.png"; path = "assets/card-icon.png"; sourceTree = SOURCE_ROOT; };
		491A87541C3D5800002ECF5B /* jardin_background.jpg */ = {isa = PBXFileReference; lastKnownFileType = image.jpeg; name = jardin_background.jpg; path = assets/jardin_background.jpg; sourceTree = SOURCE_ROOT; };
		491A87551C3D5800002ECF5B /* jardin_background2.jpg */ = {isa = PBXFileReference; lastKnownFileType = image.jpeg; name = jardin_background2.jpg; path = assets/jardin_background2.jpg; sourceTree = SOURCE_ROOT; };
		491A87561C3D5800002ECF5B /* jardin-text.png */ = {isa = PBXFileReference; lastKnownFileType = image.png; name = "jardin-text.png"; path = "assets/jardin-text.png"; sourceTree = SOURCE_ROOT; };
		491A87571C3D5800002ECF5B /* menu.png */ = {isa = PBXFileReference; lastKnownFileType = image.png; name = menu.png; path = assets/menu.png; sourceTree = SOURCE_ROOT; };
		491A87581C3D5800002ECF5B /* product-name.png */ = {isa = PBXFileReference; lastKnownFileType = image.png; name = "product-name.png"; path = "assets/product-name.png"; sourceTree = SOURCE_ROOT; };
		491A87591C3D5800002ECF5B /* product.png */ = {isa = PBXFileReference; lastKnownFileType = image.png; name = product.png; path = assets/product.png; sourceTree = SOURCE_ROOT; };
		491A875A1C3D5800002ECF5B /* recolte-text.png */ = {isa = PBXFileReference; lastKnownFileType = image.png; name = "recolte-text.png"; path = "assets/recolte-text.png"; sourceTree = SOURCE_ROOT; };
		491A875B1C3D5800002ECF5B /* recolte-text1.png */ = {isa = PBXFileReference; lastKnownFileType = image.png; name = "recolte-text1.png"; path = "assets/recolte-text1.png"; sourceTree = SOURCE_ROOT; };
		491A875C1C3D5800002ECF5B /* recolte-titre.png */ = {isa = PBXFileReference; lastKnownFileType = image.png; name = "recolte-titre.png"; path = "assets/recolte-titre.png"; sourceTree = SOURCE_ROOT; };
		491A875D1C3D5800002ECF5B /* recolte-white-overlay.jpg */ = {isa = PBXFileReference; lastKnownFileType = image.jpeg; name = "recolte-white-overlay.jpg"; path = "assets/recolte-white-overlay.jpg"; sourceTree = SOURCE_ROOT; };
		491A875E1C3D5800002ECF5B /* recolte-white-overlay.png */ = {isa = PBXFileReference; lastKnownFileType = image.png; name = "recolte-white-overlay.png"; path = "assets/recolte-white-overlay.png"; sourceTree = SOURCE_ROOT; };
		491A875F1C3D5800002ECF5B /* recolte.jpg */ = {isa = PBXFileReference; lastKnownFileType = image.jpeg; name = recolte.jpg; path = assets/recolte.jpg; sourceTree = SOURCE_ROOT; };
		491A87601C3D5800002ECF5B /* store-locator-icon.png */ = {isa = PBXFileReference; lastKnownFileType = image.png; name = "store-locator-icon.png"; path = "assets/store-locator-icon.png"; sourceTree = SOURCE_ROOT; };
		491A87611C3D5800002ECF5B /* sysley-site-icon.png */ = {isa = PBXFileReference; lastKnownFileType = image.png; name = "sysley-site-icon.png"; path = "assets/sysley-site-icon.png"; sourceTree = SOURCE_ROOT; };
		491A87721C3D6563002ECF5B /* product-page.png */ = {isa = PBXFileReference; lastKnownFileType = image.png; name = "product-page.png"; path = "assets/product-page.png"; sourceTree = SOURCE_ROOT; };
		498ED69F1C3E7576000F8A73 /* overlay.png */ = {isa = PBXFileReference; lastKnownFileType = image.png; name = overlay.png; path = assets/overlay.png; sourceTree = SOURCE_ROOT; };
		498ED6A11C3E78E1000F8A73 /* recolte-text2.png */ = {isa = PBXFileReference; lastKnownFileType = image.png; name = "recolte-text2.png"; path = "assets/recolte-text2.png"; sourceTree = SOURCE_ROOT; };
		498ED6A31C3E7B36000F8A73 /* MapViewController.h */ = {isa = PBXFileReference; fileEncoding = 4; lastKnownFileType = sourcecode.c.h; path = MapViewController.h; sourceTree = "<group>"; };
		498ED6A41C3E7B36000F8A73 /* MapViewController.m */ = {isa = PBXFileReference; fileEncoding = 4; lastKnownFileType = sourcecode.c.objc; path = MapViewController.m; sourceTree = "<group>"; };
		498ED6A71C3E7C3E000F8A73 /* MapKit.framework */ = {isa = PBXFileReference; lastKnownFileType = wrapper.framework; name = MapKit.framework; path = System/Library/Frameworks/MapKit.framework; sourceTree = SDKROOT; };
		498ED6AA1C3E808F000F8A73 /* pin.png */ = {isa = PBXFileReference; lastKnownFileType = image.png; name = pin.png; path = assets/pin.png; sourceTree = SOURCE_ROOT; };
		498ED6AC1C3E8113000F8A73 /* Annotation.h */ = {isa = PBXFileReference; fileEncoding = 4; lastKnownFileType = sourcecode.c.h; path = Annotation.h; sourceTree = "<group>"; };
		498ED6AD1C3E8113000F8A73 /* Annotation.m */ = {isa = PBXFileReference; fileEncoding = 4; lastKnownFileType = sourcecode.c.objc; path = Annotation.m; sourceTree = "<group>"; };
		49ADE5E81BF0A7A600190312 /* menu.png */ = {isa = PBXFileReference; lastKnownFileType = image.png; name = menu.png; path = assets/menu.png; sourceTree = SOURCE_ROOT; };
		49E14F721C3C005F005510B1 /* JardinViewController.h */ = {isa = PBXFileReference; fileEncoding = 4; lastKnownFileType = sourcecode.c.h; path = JardinViewController.h; sourceTree = "<group>"; };
		49E14F731C3C005F005510B1 /* JardinViewController.m */ = {isa = PBXFileReference; fileEncoding = 4; lastKnownFileType = sourcecode.c.objc; path = JardinViewController.m; sourceTree = "<group>"; };
		49E14F761C3C0353005510B1 /* jardin_background.jpg */ = {isa = PBXFileReference; lastKnownFileType = image.jpeg; name = jardin_background.jpg; path = assets/jardin_background.jpg; sourceTree = SOURCE_ROOT; };
		49E14F781C3C057C005510B1 /* jardin-text.png */ = {isa = PBXFileReference; lastKnownFileType = image.png; name = "jardin-text.png"; path = "assets/jardin-text.png"; sourceTree = SOURCE_ROOT; };
		49E14F7C1C3C13A6005510B1 /* jardin_background2.jpg */ = {isa = PBXFileReference; lastKnownFileType = image.jpeg; name = jardin_background2.jpg; path = assets/jardin_background2.jpg; sourceTree = SOURCE_ROOT; };
		49F551011C3EBE1000C45B78 /* Social.framework */ = {isa = PBXFileReference; lastKnownFileType = wrapper.framework; name = Social.framework; path = System/Library/Frameworks/Social.framework; sourceTree = SDKROOT; };
		49F551031C3EC14100C45B78 /* VideoViewController.h */ = {isa = PBXFileReference; fileEncoding = 4; lastKnownFileType = sourcecode.c.h; path = VideoViewController.h; sourceTree = "<group>"; };
		49F551041C3EC14100C45B78 /* VideoViewController.m */ = {isa = PBXFileReference; fileEncoding = 4; lastKnownFileType = sourcecode.c.objc; path = VideoViewController.m; sourceTree = "<group>"; };
		49F551071C3EC31100C45B78 /* AVKit.framework */ = {isa = PBXFileReference; lastKnownFileType = wrapper.framework; name = AVKit.framework; path = System/Library/Frameworks/AVKit.framework; sourceTree = SDKROOT; };
		49F5510D1C3EC70400C45B78 /* test.mov */ = {isa = PBXFileReference; lastKnownFileType = video.quicktime; name = test.mov; path = ../../../../../../Downloads/test.mov; sourceTree = "<group>"; };
/* End PBXFileReference section */

/* Begin PBXFrameworksBuildPhase section */
		49167EA81BEA57540024E615 /* Frameworks */ = {
			isa = PBXFrameworksBuildPhase;
			buildActionMask = 2147483647;
			files = (
				49F551081C3EC31100C45B78 /* AVKit.framework in Frameworks */,
				49F551021C3EBE1000C45B78 /* Social.framework in Frameworks */,
				498ED6A91C3E7DCD000F8A73 /* MapKit.framework in Frameworks */,
				75C0CFFF34842DE7A8ED546C /* libPods-sisley.a in Frameworks */,
			);
			runOnlyForDeploymentPostprocessing = 0;
		};
		49167EC11BEA57540024E615 /* Frameworks */ = {
			isa = PBXFrameworksBuildPhase;
			buildActionMask = 2147483647;
			files = (
			);
			runOnlyForDeploymentPostprocessing = 0;
		};
		49167ECC1BEA57540024E615 /* Frameworks */ = {
			isa = PBXFrameworksBuildPhase;
			buildActionMask = 2147483647;
			files = (
			);
			runOnlyForDeploymentPostprocessing = 0;
		};
/* End PBXFrameworksBuildPhase section */

/* Begin PBXGroup section */
		49167EA21BEA57540024E615 = {
			isa = PBXGroup;
			children = (
				49167EAD1BEA57540024E615 /* sisley */,
				49167EC71BEA57540024E615 /* sisleyTests */,
				49167ED21BEA57540024E615 /* sisleyUITests */,
				49167EAC1BEA57540024E615 /* Products */,
				BA33A4F71EFEB007767FE150 /* Pods */,
				58B592DAE7340010813FC49A /* Frameworks */,
			);
			sourceTree = "<group>";
		};
		49167EAC1BEA57540024E615 /* Products */ = {
			isa = PBXGroup;
			children = (
				49167EAB1BEA57540024E615 /* sisley.app */,
				49167EC41BEA57540024E615 /* sisleyTests.xctest */,
				49167ECF1BEA57540024E615 /* sisleyUITests.xctest */,
			);
			name = Products;
			sourceTree = "<group>";
		};
		49167EAD1BEA57540024E615 /* sisley */ = {
			isa = PBXGroup;
			children = (
				49167EB11BEA57540024E615 /* AppDelegate.h */,
				49167EB21BEA57540024E615 /* AppDelegate.m */,
				49167EE61BEA5B6D0024E615 /* viewControllers */,
				49ADE5E71BF0A73D00190312 /* assets */,
				49167EB71BEA57540024E615 /* Main.storyboard */,
				49167EBA1BEA57540024E615 /* Assets.xcassets */,
				49167EBC1BEA57540024E615 /* LaunchScreen.storyboard */,
				49167EBF1BEA57540024E615 /* Info.plist */,
				49167EAE1BEA57540024E615 /* Supporting Files */,
			);
			path = sisley;
			sourceTree = "<group>";
		};
		49167EAE1BEA57540024E615 /* Supporting Files */ = {
			isa = PBXGroup;
			children = (
				49167EAF1BEA57540024E615 /* main.m */,
			);
			name = "Supporting Files";
			sourceTree = "<group>";
		};
		49167EC71BEA57540024E615 /* sisleyTests */ = {
			isa = PBXGroup;
			children = (
				49167EC81BEA57540024E615 /* sisleyTests.m */,
				49167ECA1BEA57540024E615 /* Info.plist */,
			);
			path = sisleyTests;
			sourceTree = "<group>";
		};
		49167ED21BEA57540024E615 /* sisleyUITests */ = {
			isa = PBXGroup;
			children = (
				49167ED31BEA57540024E615 /* sisleyUITests.m */,
				49167ED51BEA57540024E615 /* Info.plist */,
			);
			path = sisleyUITests;
			sourceTree = "<group>";
		};
		49167EE41BEA5B500024E615 /* experience */ = {
			isa = PBXGroup;
			children = (
				49167EE11BEA5B490024E615 /* ExperienceViewController.h */,
				49167EE21BEA5B490024E615 /* ExperienceViewController.m */,
			);
			name = experience;
			sourceTree = "<group>";
		};
		49167EE51BEA5B580024E615 /* app */ = {
			isa = PBXGroup;
			children = (
				49167EB41BEA57540024E615 /* AppViewController.h */,
				49167EB51BEA57540024E615 /* AppViewController.m */,
			);
			name = app;
			sourceTree = "<group>";
		};
		49167EE61BEA5B6D0024E615 /* viewControllers */ = {
			isa = PBXGroup;
			children = (
				49167EE51BEA5B580024E615 /* app */,
				49167EE41BEA5B500024E615 /* experience */,
				49167EEA1BEA63F70024E615 /* UIViewController+menu */,
				49ADE5EF1BF0AE5300190312 /* menu */,
				49E14F751C3C013A005510B1 /* jardin */,
				491A87451C3D3040002ECF5B /* recolte */,
				498ED6A61C3E7B3A000F8A73 /* map */,
				49F551061C3EC16100C45B78 /* videoIntro */,
			);
			name = viewControllers;
			sourceTree = "<group>";
		};
		49167EEA1BEA63F70024E615 /* UIViewController+menu */ = {
			isa = PBXGroup;
			children = (
				49167EEB1BEA646E0024E615 /* UIViewController+Menu.h */,
				49167EEC1BEA646E0024E615 /* UIViewController+Menu.m */,
			);
			name = "UIViewController+menu";
			sourceTree = "<group>";
		};
		491A87451C3D3040002ECF5B /* recolte */ = {
			isa = PBXGroup;
			children = (
				491A87401C3D1EE7002ECF5B /* RecolteViewController.h */,
				491A87411C3D1EE7002ECF5B /* RecolteViewController.m */,
			);
			name = recolte;
			sourceTree = "<group>";
		};
		498ED6A61C3E7B3A000F8A73 /* map */ = {
			isa = PBXGroup;
			children = (
				498ED6A31C3E7B36000F8A73 /* MapViewController.h */,
				498ED6A41C3E7B36000F8A73 /* MapViewController.m */,
				498ED6AC1C3E8113000F8A73 /* Annotation.h */,
				498ED6AD1C3E8113000F8A73 /* Annotation.m */,
			);
			name = map;
			sourceTree = "<group>";
		};
		49ADE5E71BF0A73D00190312 /* assets */ = {
			isa = PBXGroup;
			children = (
				49F5510D1C3EC70400C45B78 /* test.mov */,
				49E14F761C3C0353005510B1 /* jardin_background.jpg */,
				491A87431C3D24ED002ECF5B /* recolte.jpg */,
				498ED6A11C3E78E1000F8A73 /* recolte-text2.png */,
				491A87481C3D330F002ECF5B /* recolte-white-overlay.png */,
				491A874C1C3D4FD6002ECF5B /* sysley-site-icon.png */,
				491A87521C3D5800002ECF5B /* back-button.png */,
				491A87531C3D5800002ECF5B /* card-icon.png */,
				491A87721C3D6563002ECF5B /* product-page.png */,
				498ED69F1C3E7576000F8A73 /* overlay.png */,
				491A87541C3D5800002ECF5B /* jardin_background.jpg */,
				491A87551C3D5800002ECF5B /* jardin_background2.jpg */,
				491A87561C3D5800002ECF5B /* jardin-text.png */,
				491A87571C3D5800002ECF5B /* menu.png */,
				491A87581C3D5800002ECF5B /* product-name.png */,
				491A87591C3D5800002ECF5B /* product.png */,
				491A875A1C3D5800002ECF5B /* recolte-text.png */,
				491A875B1C3D5800002ECF5B /* recolte-text1.png */,
				491A875C1C3D5800002ECF5B /* recolte-titre.png */,
				491A875D1C3D5800002ECF5B /* recolte-white-overlay.jpg */,
				498ED6AA1C3E808F000F8A73 /* pin.png */,
				491A875E1C3D5800002ECF5B /* recolte-white-overlay.png */,
				491A875F1C3D5800002ECF5B /* recolte.jpg */,
				491A87601C3D5800002ECF5B /* store-locator-icon.png */,
				491A87611C3D5800002ECF5B /* sysley-site-icon.png */,
				491A874A1C3D4FD1002ECF5B /* store-locator-icon.png */,
				49E14F7C1C3C13A6005510B1 /* jardin_background2.jpg */,
				491A874E1C3D4FDC002ECF5B /* card-icon.png */,
				491A87501C3D5044002ECF5B /* back-button.png */,
				49E14F781C3C057C005510B1 /* jardin-text.png */,
				49ADE5E81BF0A7A600190312 /* menu.png */,
			);
			name = assets;
			sourceTree = "<group>";
		};
		49ADE5EF1BF0AE5300190312 /* menu */ = {
			isa = PBXGroup;
			children = (
			);
			name = menu;
			sourceTree = "<group>";
		};
		49E14F751C3C013A005510B1 /* jardin */ = {
			isa = PBXGroup;
			children = (
				49E14F721C3C005F005510B1 /* JardinViewController.h */,
				49E14F731C3C005F005510B1 /* JardinViewController.m */,
			);
			name = jardin;
			sourceTree = "<group>";
		};
		49F551061C3EC16100C45B78 /* videoIntro */ = {
			isa = PBXGroup;
			children = (
				49F551031C3EC14100C45B78 /* VideoViewController.h */,
				49F551041C3EC14100C45B78 /* VideoViewController.m */,
			);
			name = videoIntro;
			sourceTree = "<group>";
		};
		58B592DAE7340010813FC49A /* Frameworks */ = {
			isa = PBXGroup;
			children = (
				49F551071C3EC31100C45B78 /* AVKit.framework */,
				49F551011C3EBE1000C45B78 /* Social.framework */,
				498ED6A71C3E7C3E000F8A73 /* MapKit.framework */,
				16D9A9E888FF3A87E602A44F /* libPods-sisley.a */,
			);
			name = Frameworks;
			sourceTree = "<group>";
		};
		BA33A4F71EFEB007767FE150 /* Pods */ = {
			isa = PBXGroup;
			children = (
				2150A5CDC201E865A123E191 /* Pods-sisley.debug.xcconfig */,
				21DE5D3E704D4D036EF7D2DD /* Pods-sisley.release.xcconfig */,
			);
			name = Pods;
			sourceTree = "<group>";
		};
/* End PBXGroup section */

/* Begin PBXNativeTarget section */
		49167EAA1BEA57540024E615 /* sisley */ = {
			isa = PBXNativeTarget;
			buildConfigurationList = 49167ED81BEA57540024E615 /* Build configuration list for PBXNativeTarget "sisley" */;
			buildPhases = (
				1D792433F8A63BCBA8D51CA0 /* Check Pods Manifest.lock */,
				49167EA71BEA57540024E615 /* Sources */,
				49167EA81BEA57540024E615 /* Frameworks */,
				49167EA91BEA57540024E615 /* Resources */,
				1851E70FAEA6189E96E939FE /* Embed Pods Frameworks */,
				41E4528AAD6D5F262C2A9EAC /* Copy Pods Resources */,
			);
			buildRules = (
			);
			dependencies = (
			);
			name = sisley;
			productName = sisley;
			productReference = 49167EAB1BEA57540024E615 /* sisley.app */;
			productType = "com.apple.product-type.application";
		};
		49167EC31BEA57540024E615 /* sisleyTests */ = {
			isa = PBXNativeTarget;
			buildConfigurationList = 49167EDB1BEA57540024E615 /* Build configuration list for PBXNativeTarget "sisleyTests" */;
			buildPhases = (
				49167EC01BEA57540024E615 /* Sources */,
				49167EC11BEA57540024E615 /* Frameworks */,
				49167EC21BEA57540024E615 /* Resources */,
			);
			buildRules = (
			);
			dependencies = (
				49167EC61BEA57540024E615 /* PBXTargetDependency */,
			);
			name = sisleyTests;
			productName = sisleyTests;
			productReference = 49167EC41BEA57540024E615 /* sisleyTests.xctest */;
			productType = "com.apple.product-type.bundle.unit-test";
		};
		49167ECE1BEA57540024E615 /* sisleyUITests */ = {
			isa = PBXNativeTarget;
			buildConfigurationList = 49167EDE1BEA57540024E615 /* Build configuration list for PBXNativeTarget "sisleyUITests" */;
			buildPhases = (
				49167ECB1BEA57540024E615 /* Sources */,
				49167ECC1BEA57540024E615 /* Frameworks */,
				49167ECD1BEA57540024E615 /* Resources */,
			);
			buildRules = (
			);
			dependencies = (
				49167ED11BEA57540024E615 /* PBXTargetDependency */,
			);
			name = sisleyUITests;
			productName = sisleyUITests;
			productReference = 49167ECF1BEA57540024E615 /* sisleyUITests.xctest */;
			productType = "com.apple.product-type.bundle.ui-testing";
		};
/* End PBXNativeTarget section */

/* Begin PBXProject section */
		49167EA31BEA57540024E615 /* Project object */ = {
			isa = PBXProject;
			attributes = {
				LastUpgradeCheck = 0700;
				ORGANIZATIONNAME = "MACHADO Jordan";
				TargetAttributes = {
					49167EAA1BEA57540024E615 = {
						CreatedOnToolsVersion = 7.0;
					};
					49167EC31BEA57540024E615 = {
						CreatedOnToolsVersion = 7.0;
						TestTargetID = 49167EAA1BEA57540024E615;
					};
					49167ECE1BEA57540024E615 = {
						CreatedOnToolsVersion = 7.0;
						TestTargetID = 49167EAA1BEA57540024E615;
					};
				};
			};
			buildConfigurationList = 49167EA61BEA57540024E615 /* Build configuration list for PBXProject "sisley" */;
			compatibilityVersion = "Xcode 3.2";
			developmentRegion = English;
			hasScannedForEncodings = 0;
			knownRegions = (
				en,
				Base,
			);
			mainGroup = 49167EA21BEA57540024E615;
			productRefGroup = 49167EAC1BEA57540024E615 /* Products */;
			projectDirPath = "";
			projectRoot = "";
			targets = (
				49167EAA1BEA57540024E615 /* sisley */,
				49167EC31BEA57540024E615 /* sisleyTests */,
				49167ECE1BEA57540024E615 /* sisleyUITests */,
			);
		};
/* End PBXProject section */

/* Begin PBXResourcesBuildPhase section */
		49167EA91BEA57540024E615 /* Resources */ = {
			isa = PBXResourcesBuildPhase;
			buildActionMask = 2147483647;
			files = (
				498ED6A01C3E7576000F8A73 /* overlay.png in Resources */,
				491A87631C3D5800002ECF5B /* card-icon.png in Resources */,
				491A876A1C3D5800002ECF5B /* recolte-text.png in Resources */,
				49E14F771C3C0353005510B1 /* jardin_background.jpg in Resources */,
				491A87711C3D5800002ECF5B /* sysley-site-icon.png in Resources */,
				491A876F1C3D5800002ECF5B /* recolte.jpg in Resources */,
				49ADE5E91BF0A7A600190312 /* menu.png in Resources */,
				491A87701C3D5800002ECF5B /* store-locator-icon.png in Resources */,
				491A87651C3D5800002ECF5B /* jardin_background2.jpg in Resources */,
				49167EBE1BEA57540024E615 /* LaunchScreen.storyboard in Resources */,
				491A876D1C3D5800002ECF5B /* recolte-white-overlay.jpg in Resources */,
				491A874D1C3D4FD6002ECF5B /* sysley-site-icon.png in Resources */,
				49167EBB1BEA57540024E615 /* Assets.xcassets in Resources */,
				491A874F1C3D4FDC002ECF5B /* card-icon.png in Resources */,
				498ED6A21C3E78E1000F8A73 /* recolte-text2.png in Resources */,
				49E14F791C3C057C005510B1 /* jardin-text.png in Resources */,
				491A87681C3D5800002ECF5B /* product-name.png in Resources */,
				491A87641C3D5800002ECF5B /* jardin_background.jpg in Resources */,
				491A87441C3D24ED002ECF5B /* recolte.jpg in Resources */,
				491A87491C3D330F002ECF5B /* recolte-white-overlay.png in Resources */,
				49F5510E1C3EC70400C45B78 /* test.mov in Resources */,
				49E14F7D1C3C13A6005510B1 /* jardin_background2.jpg in Resources */,
				491A876E1C3D5800002ECF5B /* recolte-white-overlay.png in Resources */,
				498ED6AB1C3E808F000F8A73 /* pin.png in Resources */,
				491A876C1C3D5800002ECF5B /* recolte-titre.png in Resources */,
				491A87621C3D5800002ECF5B /* back-button.png in Resources */,
				491A874B1C3D4FD1002ECF5B /* store-locator-icon.png in Resources */,
				491A87691C3D5800002ECF5B /* product.png in Resources */,
				491A87731C3D6563002ECF5B /* product-page.png in Resources */,
				491A87671C3D5800002ECF5B /* menu.png in Resources */,
				491A87511C3D5044002ECF5B /* back-button.png in Resources */,
				491A876B1C3D5800002ECF5B /* recolte-text1.png in Resources */,
				491A87661C3D5800002ECF5B /* jardin-text.png in Resources */,
				49167EB91BEA57540024E615 /* Main.storyboard in Resources */,
			);
			runOnlyForDeploymentPostprocessing = 0;
		};
		49167EC21BEA57540024E615 /* Resources */ = {
			isa = PBXResourcesBuildPhase;
			buildActionMask = 2147483647;
			files = (
			);
			runOnlyForDeploymentPostprocessing = 0;
		};
		49167ECD1BEA57540024E615 /* Resources */ = {
			isa = PBXResourcesBuildPhase;
			buildActionMask = 2147483647;
			files = (
			);
			runOnlyForDeploymentPostprocessing = 0;
		};
/* End PBXResourcesBuildPhase section */

/* Begin PBXShellScriptBuildPhase section */
		1851E70FAEA6189E96E939FE /* Embed Pods Frameworks */ = {
			isa = PBXShellScriptBuildPhase;
			buildActionMask = 2147483647;
			files = (
			);
			inputPaths = (
			);
			name = "Embed Pods Frameworks";
			outputPaths = (
			);
			runOnlyForDeploymentPostprocessing = 0;
			shellPath = /bin/sh;
			shellScript = "\"${SRCROOT}/Pods/Target Support Files/Pods-sisley/Pods-sisley-frameworks.sh\"\n";
			showEnvVarsInLog = 0;
		};
		1D792433F8A63BCBA8D51CA0 /* Check Pods Manifest.lock */ = {
			isa = PBXShellScriptBuildPhase;
			buildActionMask = 2147483647;
			files = (
			);
			inputPaths = (
			);
			name = "Check Pods Manifest.lock";
			outputPaths = (
			);
			runOnlyForDeploymentPostprocessing = 0;
			shellPath = /bin/sh;
			shellScript = "diff \"${PODS_ROOT}/../Podfile.lock\" \"${PODS_ROOT}/Manifest.lock\" > /dev/null\nif [[ $? != 0 ]] ; then\n    cat << EOM\nerror: The sandbox is not in sync with the Podfile.lock. Run 'pod install' or update your CocoaPods installation.\nEOM\n    exit 1\nfi\n";
			showEnvVarsInLog = 0;
		};
		41E4528AAD6D5F262C2A9EAC /* Copy Pods Resources */ = {
			isa = PBXShellScriptBuildPhase;
			buildActionMask = 2147483647;
			files = (
			);
			inputPaths = (
			);
			name = "Copy Pods Resources";
			outputPaths = (
			);
			runOnlyForDeploymentPostprocessing = 0;
			shellPath = /bin/sh;
			shellScript = "\"${SRCROOT}/Pods/Target Support Files/Pods-sisley/Pods-sisley-resources.sh\"\n";
			showEnvVarsInLog = 0;
		};
/* End PBXShellScriptBuildPhase section */

/* Begin PBXSourcesBuildPhase section */
		49167EA71BEA57540024E615 /* Sources */ = {
			isa = PBXSourcesBuildPhase;
			buildActionMask = 2147483647;
			files = (
				49F551051C3EC14100C45B78 /* VideoViewController.m in Sources */,
				49E14F741C3C005F005510B1 /* JardinViewController.m in Sources */,
				49167EE31BEA5B490024E615 /* ExperienceViewController.m in Sources */,
				49167EED1BEA646E0024E615 /* UIViewController+Menu.m in Sources */,
				498ED6AE1C3E8113000F8A73 /* Annotation.m in Sources */,
				498ED6A51C3E7B36000F8A73 /* MapViewController.m in Sources */,
				49167EB61BEA57540024E615 /* AppViewController.m in Sources */,
				49167EB31BEA57540024E615 /* AppDelegate.m in Sources */,
				491A87421C3D1EE7002ECF5B /* RecolteViewController.m in Sources */,
				49167EB01BEA57540024E615 /* main.m in Sources */,
			);
			runOnlyForDeploymentPostprocessing = 0;
		};
		49167EC01BEA57540024E615 /* Sources */ = {
			isa = PBXSourcesBuildPhase;
			buildActionMask = 2147483647;
			files = (
				49167EC91BEA57540024E615 /* sisleyTests.m in Sources */,
			);
			runOnlyForDeploymentPostprocessing = 0;
		};
		49167ECB1BEA57540024E615 /* Sources */ = {
			isa = PBXSourcesBuildPhase;
			buildActionMask = 2147483647;
			files = (
				49167ED41BEA57540024E615 /* sisleyUITests.m in Sources */,
			);
			runOnlyForDeploymentPostprocessing = 0;
		};
/* End PBXSourcesBuildPhase section */

/* Begin PBXTargetDependency section */
		49167EC61BEA57540024E615 /* PBXTargetDependency */ = {
			isa = PBXTargetDependency;
			target = 49167EAA1BEA57540024E615 /* sisley */;
			targetProxy = 49167EC51BEA57540024E615 /* PBXContainerItemProxy */;
		};
		49167ED11BEA57540024E615 /* PBXTargetDependency */ = {
			isa = PBXTargetDependency;
			target = 49167EAA1BEA57540024E615 /* sisley */;
			targetProxy = 49167ED01BEA57540024E615 /* PBXContainerItemProxy */;
		};
/* End PBXTargetDependency section */

/* Begin PBXVariantGroup section */
		49167EB71BEA57540024E615 /* Main.storyboard */ = {
			isa = PBXVariantGroup;
			children = (
				49167EB81BEA57540024E615 /* Base */,
			);
			name = Main.storyboard;
			sourceTree = "<group>";
		};
		49167EBC1BEA57540024E615 /* LaunchScreen.storyboard */ = {
			isa = PBXVariantGroup;
			children = (
				49167EBD1BEA57540024E615 /* Base */,
			);
			name = LaunchScreen.storyboard;
			sourceTree = "<group>";
		};
/* End PBXVariantGroup section */

/* Begin XCBuildConfiguration section */
		49167ED61BEA57540024E615 /* Debug */ = {
			isa = XCBuildConfiguration;
			buildSettings = {
				ALWAYS_SEARCH_USER_PATHS = NO;
				CLANG_CXX_LANGUAGE_STANDARD = "gnu++0x";
				CLANG_CXX_LIBRARY = "libc++";
				CLANG_ENABLE_MODULES = YES;
				CLANG_ENABLE_OBJC_ARC = YES;
				CLANG_WARN_BOOL_CONVERSION = YES;
				CLANG_WARN_CONSTANT_CONVERSION = YES;
				CLANG_WARN_DIRECT_OBJC_ISA_USAGE = YES_ERROR;
				CLANG_WARN_EMPTY_BODY = YES;
				CLANG_WARN_ENUM_CONVERSION = YES;
				CLANG_WARN_INT_CONVERSION = YES;
				CLANG_WARN_OBJC_ROOT_CLASS = YES_ERROR;
				CLANG_WARN_UNREACHABLE_CODE = YES;
				CLANG_WARN__DUPLICATE_METHOD_MATCH = YES;
				"CODE_SIGN_IDENTITY[sdk=iphoneos*]" = "iPhone Developer";
				COPY_PHASE_STRIP = NO;
				DEBUG_INFORMATION_FORMAT = dwarf;
				ENABLE_STRICT_OBJC_MSGSEND = YES;
				ENABLE_TESTABILITY = YES;
				GCC_C_LANGUAGE_STANDARD = gnu99;
				GCC_DYNAMIC_NO_PIC = NO;
				GCC_NO_COMMON_BLOCKS = YES;
				GCC_OPTIMIZATION_LEVEL = 0;
				GCC_PREPROCESSOR_DEFINITIONS = (
					"DEBUG=1",
					"$(inherited)",
				);
				GCC_WARN_64_TO_32_BIT_CONVERSION = YES;
				GCC_WARN_ABOUT_RETURN_TYPE = YES_ERROR;
				GCC_WARN_UNDECLARED_SELECTOR = YES;
				GCC_WARN_UNINITIALIZED_AUTOS = YES_AGGRESSIVE;
				GCC_WARN_UNUSED_FUNCTION = YES;
				GCC_WARN_UNUSED_VARIABLE = YES;
				IPHONEOS_DEPLOYMENT_TARGET = 9.0;
				MTL_ENABLE_DEBUG_INFO = YES;
				ONLY_ACTIVE_ARCH = YES;
				SDKROOT = iphoneos;
			};
			name = Debug;
		};
		49167ED71BEA57540024E615 /* Release */ = {
			isa = XCBuildConfiguration;
			buildSettings = {
				ALWAYS_SEARCH_USER_PATHS = NO;
				CLANG_CXX_LANGUAGE_STANDARD = "gnu++0x";
				CLANG_CXX_LIBRARY = "libc++";
				CLANG_ENABLE_MODULES = YES;
				CLANG_ENABLE_OBJC_ARC = YES;
				CLANG_WARN_BOOL_CONVERSION = YES;
				CLANG_WARN_CONSTANT_CONVERSION = YES;
				CLANG_WARN_DIRECT_OBJC_ISA_USAGE = YES_ERROR;
				CLANG_WARN_EMPTY_BODY = YES;
				CLANG_WARN_ENUM_CONVERSION = YES;
				CLANG_WARN_INT_CONVERSION = YES;
				CLANG_WARN_OBJC_ROOT_CLASS = YES_ERROR;
				CLANG_WARN_UNREACHABLE_CODE = YES;
				CLANG_WARN__DUPLICATE_METHOD_MATCH = YES;
				"CODE_SIGN_IDENTITY[sdk=iphoneos*]" = "iPhone Developer";
				COPY_PHASE_STRIP = NO;
				DEBUG_INFORMATION_FORMAT = "dwarf-with-dsym";
				ENABLE_NS_ASSERTIONS = NO;
				ENABLE_STRICT_OBJC_MSGSEND = YES;
				GCC_C_LANGUAGE_STANDARD = gnu99;
				GCC_NO_COMMON_BLOCKS = YES;
				GCC_WARN_64_TO_32_BIT_CONVERSION = YES;
				GCC_WARN_ABOUT_RETURN_TYPE = YES_ERROR;
				GCC_WARN_UNDECLARED_SELECTOR = YES;
				GCC_WARN_UNINITIALIZED_AUTOS = YES_AGGRESSIVE;
				GCC_WARN_UNUSED_FUNCTION = YES;
				GCC_WARN_UNUSED_VARIABLE = YES;
				IPHONEOS_DEPLOYMENT_TARGET = 9.0;
				MTL_ENABLE_DEBUG_INFO = NO;
				SDKROOT = iphoneos;
				VALIDATE_PRODUCT = YES;
			};
			name = Release;
		};
		49167ED91BEA57540024E615 /* Debug */ = {
			isa = XCBuildConfiguration;
			baseConfigurationReference = 2150A5CDC201E865A123E191 /* Pods-sisley.debug.xcconfig */;
			buildSettings = {
				ASSETCATALOG_COMPILER_APPICON_NAME = AppIcon;
				INFOPLIST_FILE = sisley/Info.plist;
				LD_RUNPATH_SEARCH_PATHS = "$(inherited) @executable_path/Frameworks";
				PRODUCT_BUNDLE_IDENTIFIER = com.gobelins.sisley;
				PRODUCT_NAME = "$(TARGET_NAME)";
			};
			name = Debug;
		};
		49167EDA1BEA57540024E615 /* Release */ = {
			isa = XCBuildConfiguration;
			baseConfigurationReference = 21DE5D3E704D4D036EF7D2DD /* Pods-sisley.release.xcconfig */;
			buildSettings = {
				ASSETCATALOG_COMPILER_APPICON_NAME = AppIcon;
				INFOPLIST_FILE = sisley/Info.plist;
				LD_RUNPATH_SEARCH_PATHS = "$(inherited) @executable_path/Frameworks";
				PRODUCT_BUNDLE_IDENTIFIER = com.gobelins.sisley;
				PRODUCT_NAME = "$(TARGET_NAME)";
			};
			name = Release;
		};
		49167EDC1BEA57540024E615 /* Debug */ = {
			isa = XCBuildConfiguration;
			buildSettings = {
				BUNDLE_LOADER = "$(TEST_HOST)";
				INFOPLIST_FILE = sisleyTests/Info.plist;
				LD_RUNPATH_SEARCH_PATHS = "$(inherited) @executable_path/Frameworks @loader_path/Frameworks";
				PRODUCT_BUNDLE_IDENTIFIER = com.gobelins.sisleyTests;
				PRODUCT_NAME = "$(TARGET_NAME)";
				TEST_HOST = "$(BUILT_PRODUCTS_DIR)/sisley.app/sisley";
			};
			name = Debug;
		};
		49167EDD1BEA57540024E615 /* Release */ = {
			isa = XCBuildConfiguration;
			buildSettings = {
				BUNDLE_LOADER = "$(TEST_HOST)";
				INFOPLIST_FILE = sisleyTests/Info.plist;
				LD_RUNPATH_SEARCH_PATHS = "$(inherited) @executable_path/Frameworks @loader_path/Frameworks";
				PRODUCT_BUNDLE_IDENTIFIER = com.gobelins.sisleyTests;
				PRODUCT_NAME = "$(TARGET_NAME)";
				TEST_HOST = "$(BUILT_PRODUCTS_DIR)/sisley.app/sisley";
			};
			name = Release;
		};
		49167EDF1BEA57540024E615 /* Debug */ = {
			isa = XCBuildConfiguration;
			buildSettings = {
				INFOPLIST_FILE = sisleyUITests/Info.plist;
				LD_RUNPATH_SEARCH_PATHS = "$(inherited) @executable_path/Frameworks @loader_path/Frameworks";
				PRODUCT_BUNDLE_IDENTIFIER = com.gobelins.sisleyUITests;
				PRODUCT_NAME = "$(TARGET_NAME)";
				TEST_TARGET_NAME = sisley;
				USES_XCTRUNNER = YES;
			};
			name = Debug;
		};
		49167EE01BEA57540024E615 /* Release */ = {
			isa = XCBuildConfiguration;
			buildSettings = {
				INFOPLIST_FILE = sisleyUITests/Info.plist;
				LD_RUNPATH_SEARCH_PATHS = "$(inherited) @executable_path/Frameworks @loader_path/Frameworks";
				PRODUCT_BUNDLE_IDENTIFIER = com.gobelins.sisleyUITests;
				PRODUCT_NAME = "$(TARGET_NAME)";
				TEST_TARGET_NAME = sisley;
				USES_XCTRUNNER = YES;
			};
			name = Release;
		};
/* End XCBuildConfiguration section */

/* Begin XCConfigurationList section */
		49167EA61BEA57540024E615 /* Build configuration list for PBXProject "sisley" */ = {
			isa = XCConfigurationList;
			buildConfigurations = (
				49167ED61BEA57540024E615 /* Debug */,
				49167ED71BEA57540024E615 /* Release */,
			);
			defaultConfigurationIsVisible = 0;
			defaultConfigurationName = Release;
		};
		49167ED81BEA57540024E615 /* Build configuration list for PBXNativeTarget "sisley" */ = {
			isa = XCConfigurationList;
			buildConfigurations = (
				49167ED91BEA57540024E615 /* Debug */,
				49167EDA1BEA57540024E615 /* Release */,
			);
			defaultConfigurationIsVisible = 0;
			defaultConfigurationName = Release;
		};
		49167EDB1BEA57540024E615 /* Build configuration list for PBXNativeTarget "sisleyTests" */ = {
			isa = XCConfigurationList;
			buildConfigurations = (
				49167EDC1BEA57540024E615 /* Debug */,
				49167EDD1BEA57540024E615 /* Release */,
			);
			defaultConfigurationIsVisible = 0;
			defaultConfigurationName = Release;
		};
		49167EDE1BEA57540024E615 /* Build configuration list for PBXNativeTarget "sisleyUITests" */ = {
			isa = XCConfigurationList;
			buildConfigurations = (
				49167EDF1BEA57540024E615 /* Debug */,
				49167EE01BEA57540024E615 /* Release */,
			);
			defaultConfigurationIsVisible = 0;
			defaultConfigurationName = Release;
		};
/* End XCConfigurationList section */
	};
	rootObject = 49167EA31BEA57540024E615 /* Project object */;
}
